
Microsoft Visual Studio Solution File, Format Version 12.00
# Visual Studio Version 17
VisualStudioVersion = 17.3.32819.101
MinimumVisualStudioVersion = 10.0.40219.1
Project("{FAE04EC0-301F-11D3-BF4B-00C04F79EFBC}") = "pjPruebaUpch", "pjPruebaUpch.csproj", "{44D2ED72-5BEC-4170-9352-7A547DD59E13}"
EndProject
Global
	GlobalSection(SolutionConfigurationPlatforms) = preSolution
		Debug|Any CPU = Debug|Any CPU
		Release|Any CPU = Release|Any CPU
	EndGlobalSection
	GlobalSection(ProjectConfigurationPlatforms) = postSolution
		{44D2ED72-5BEC-4170-9352-7A547DD59E13}.Debug|Any CPU.ActiveCfg = Debug|Any CPU
		{44D2ED72-5BEC-4170-9352-7A547DD59E13}.Debug|Any CPU.Build.0 = Debug|Any CPU
		{44D2ED72-5BEC-4170-9352-7A547DD59E13}.Release|Any CPU.ActiveCfg = Release|Any CPU
		{44D2ED72-5BEC-4170-9352-7A547DD59E13}.Release|Any CPU.Build.0 = Release|Any CPU
	EndGlobalSection
	GlobalSection(SolutionProperties) = preSolution
		HideSolutionNode = FALSE
	EndGlobalSection
	GlobalSection(ExtensibilityGlobals) = postSolution
		SolutionGuid = {37239C52-6AE4-480E-90CE-8C52DEACF37C}
	EndGlobalSection
EndGlobal
